
Microsoft Visual Studio Solution File, Format Version 12.00
# Visual Studio Version 16
VisualStudioVersion = 16.0.31424.327
MinimumVisualStudioVersion = 10.0.40219.1
Project("{FAE04EC0-301F-11D3-BF4B-00C04F79EFBC}") = "WorkManager", "WorkManager\WorkManager.csproj", "{28559C74-BA16-45EF-B141-5D5B05F2AAD1}"
EndProject
Global
	GlobalSection(SolutionConfigurationPlatforms) = preSolution
		Debug|Any CPU = Debug|Any CPU
		Release|Any CPU = Release|Any CPU
	EndGlobalSection
	GlobalSection(ProjectConfigurationPlatforms) = postSolution
		{28559C74-BA16-45EF-B141-5D5B05F2AAD1}.Debug|Any CPU.ActiveCfg = Debug|Any CPU
		{28559C74-BA16-45EF-B141-5D5B05F2AAD1}.Debug|Any CPU.Build.0 = Debug|Any CPU
		{28559C74-BA16-45EF-B141-5D5B05F2AAD1}.Release|Any CPU.ActiveCfg = Release|Any CPU
		{28559C74-BA16-45EF-B141-5D5B05F2AAD1}.Release|Any CPU.Build.0 = Release|Any CPU
	EndGlobalSection
	GlobalSection(SolutionProperties) = preSolution
		HideSolutionNode = FALSE
	EndGlobalSection
	GlobalSection(ExtensibilityGlobals) = postSolution
		SolutionGuid = {99EDD1E7-5BD6-49B2-A457-1BB4AF2FA3C4}
	EndGlobalSection
EndGlobal
